// !$*UTF8*$!
{
	archiveVersion = 1;
	classes = {
	};
	objectVersion = 55;
	objects = {

/* Begin PBXBuildFile section */
		72449BA9272E688400689527 /* AppDelegate.swift in Sources */ = {isa = PBXBuildFile; fileRef = 72449BA8272E688400689527 /* AppDelegate.swift */; };
		72449BAB272E688400689527 /* SceneDelegate.swift in Sources */ = {isa = PBXBuildFile; fileRef = 72449BAA272E688400689527 /* SceneDelegate.swift */; };
		72449BAD272E688400689527 /* ViewController.swift in Sources */ = {isa = PBXBuildFile; fileRef = 72449BAC272E688400689527 /* ViewController.swift */; };
		72449BB0272E688400689527 /* Main.storyboard in Resources */ = {isa = PBXBuildFile; fileRef = 72449BAE272E688400689527 /* Main.storyboard */; };
		72449BB2272E688400689527 /* Assets.xcassets in Resources */ = {isa = PBXBuildFile; fileRef = 72449BB1272E688400689527 /* Assets.xcassets */; };
		72449BB5272E688400689527 /* LaunchScreen.storyboard in Resources */ = {isa = PBXBuildFile; fileRef = 72449BB3272E688400689527 /* LaunchScreen.storyboard */; };
		72449BC0272E688400689527 /* TrainTest1Tests.swift in Sources */ = {isa = PBXBuildFile; fileRef = 72449BBF272E688400689527 /* TrainTest1Tests.swift */; };
		72449BCA272E688400689527 /* TrainTest1UITests.swift in Sources */ = {isa = PBXBuildFile; fileRef = 72449BC9272E688400689527 /* TrainTest1UITests.swift */; };
		72449BCC272E688400689527 /* TrainTest1UITestsLaunchTests.swift in Sources */ = {isa = PBXBuildFile; fileRef = 72449BCB272E688400689527 /* TrainTest1UITestsLaunchTests.swift */; };
		727E9FA8272E6A4A00E603D6 /* Kingfisher in Frameworks */ = {isa = PBXBuildFile; productRef = 727E9FA7272E6A4A00E603D6 /* Kingfisher */; };
		727E9FAB272E6A9300E603D6 /* PromiseKit in Frameworks */ = {isa = PBXBuildFile; productRef = 727E9FAA272E6A9300E603D6 /* PromiseKit */; };
		727E9FAE272E6A9F00E603D6 /* Alamofire in Frameworks */ = {isa = PBXBuildFile; productRef = 727E9FAD272E6A9F00E603D6 /* Alamofire */; };
		727E9FB1272E6AAE00E603D6 /* SnapKit in Frameworks */ = {isa = PBXBuildFile; productRef = 727E9FB0272E6AAE00E603D6 /* SnapKit */; };
		727E9FB4272E6AC100E603D6 /* Charts in Frameworks */ = {isa = PBXBuildFile; productRef = 727E9FB3272E6AC100E603D6 /* Charts */; };
		727E9FB7272E6ADC00E603D6 /* TPKeyboardAvoiding in Frameworks */ = {isa = PBXBuildFile; productRef = 727E9FB6272E6ADC00E603D6 /* TPKeyboardAvoiding */; };
		727E9FBA272E6B0600E603D6 /* MBProgressHUD in Frameworks */ = {isa = PBXBuildFile; productRef = 727E9FB9272E6B0600E603D6 /* MBProgressHUD */; };
		727E9FFF272E7DE100E603D6 /* Common.swift in Sources */ = {isa = PBXBuildFile; fileRef = 727E9FFE272E7DE100E603D6 /* Common.swift */; };
		727EA002272E7F2600E603D6 /* StartViewController.swift in Sources */ = {isa = PBXBuildFile; fileRef = 727EA001272E7F2600E603D6 /* StartViewController.swift */; };
		727EA005272E7F4900E603D6 /* BaseViewController.swift in Sources */ = {isa = PBXBuildFile; fileRef = 727EA004272E7F4900E603D6 /* BaseViewController.swift */; };
		727EA00C272E828D00E603D6 /* BalooPaaji2-Bold.ttf in Resources */ = {isa = PBXBuildFile; fileRef = 727EA00B272E828D00E603D6 /* BalooPaaji2-Bold.ttf */; };
		727EA00F272E831100E603D6 /* SignUpViewController.swift in Sources */ = {isa = PBXBuildFile; fileRef = 727EA00E272E831100E603D6 /* SignUpViewController.swift */; };
		727EA012272E86B800E603D6 /* Network.swift in Sources */ = {isa = PBXBuildFile; fileRef = 727EA011272E86B800E603D6 /* Network.swift */; };
		727EA015272E8BBB00E603D6 /* SignInViewController.swift in Sources */ = {isa = PBXBuildFile; fileRef = 727EA014272E8BBB00E603D6 /* SignInViewController.swift */; };
		727EA018272E8C6F00E603D6 /* AboutMeViewController.swift in Sources */ = {isa = PBXBuildFile; fileRef = 727EA017272E8C6F00E603D6 /* AboutMeViewController.swift */; };
		727EA01B272E9A2600E603D6 /* MainViewController.swift in Sources */ = {isa = PBXBuildFile; fileRef = 727EA01A272E9A2600E603D6 /* MainViewController.swift */; };
		727EA01E272EC5F300E603D6 /* ProfileViewController.swift in Sources */ = {isa = PBXBuildFile; fileRef = 727EA01D272EC5F300E603D6 /* ProfileViewController.swift */; };
		727EA021272ECD1800E603D6 /* ChatsViewController.swift in Sources */ = {isa = PBXBuildFile; fileRef = 727EA020272ECD1800E603D6 /* ChatsViewController.swift */; };
		727EA02A272EE26200E603D6 /* WidgetKit.framework in Frameworks */ = {isa = PBXBuildFile; fileRef = 727EA029272EE26200E603D6 /* WidgetKit.framework */; };
		727EA02C272EE26200E603D6 /* SwiftUI.framework in Frameworks */ = {isa = PBXBuildFile; fileRef = 727EA02B272EE26200E603D6 /* SwiftUI.framework */; };
		727EA02F272EE26200E603D6 /* ScareMeParty.swift in Sources */ = {isa = PBXBuildFile; fileRef = 727EA02E272EE26200E603D6 /* ScareMeParty.swift */; };
		727EA032272EE26300E603D6 /* Assets.xcassets in Resources */ = {isa = PBXBuildFile; fileRef = 727EA031272EE26300E603D6 /* Assets.xcassets */; };
		727EA034272EE26300E603D6 /* ScareMeParty.intentdefinition in Sources */ = {isa = PBXBuildFile; fileRef = 727EA030272EE26200E603D6 /* ScareMeParty.intentdefinition */; };
		727EA035272EE26300E603D6 /* ScareMeParty.intentdefinition in Sources */ = {isa = PBXBuildFile; fileRef = 727EA030272EE26200E603D6 /* ScareMeParty.intentdefinition */; };
		727EA038272EE26300E603D6 /* ScareMePartyExtension.appex in Embed App Extensions */ = {isa = PBXBuildFile; fileRef = 727EA027272EE26200E603D6 /* ScareMePartyExtension.appex */; settings = {ATTRIBUTES = (RemoveHeadersOnCopy, ); }; };
		727EA03F272EE5BC00E603D6 /* BalooPaaji2-Bold.ttf in Resources */ = {isa = PBXBuildFile; fileRef = 727EA03E272EE5BC00E603D6 /* BalooPaaji2-Bold.ttf */; };
/* End PBXBuildFile section */

/* Begin PBXContainerItemProxy section */
		72449BBC272E688400689527 /* PBXContainerItemProxy */ = {
			isa = PBXContainerItemProxy;
			containerPortal = 72449B9D272E688400689527 /* Project object */;
			proxyType = 1;
			remoteGlobalIDString = 72449BA4272E688400689527;
			remoteInfo = TrainTest1;
		};
		72449BC6272E688400689527 /* PBXContainerItemProxy */ = {
			isa = PBXContainerItemProxy;
			containerPortal = 72449B9D272E688400689527 /* Project object */;
			proxyType = 1;
			remoteGlobalIDString = 72449BA4272E688400689527;
			remoteInfo = TrainTest1;
		};
		727EA036272EE26300E603D6 /* PBXContainerItemProxy */ = {
			isa = PBXContainerItemProxy;
			containerPortal = 72449B9D272E688400689527 /* Project object */;
			proxyType = 1;
			remoteGlobalIDString = 727EA026272EE26200E603D6;
			remoteInfo = ScareMePartyExtension;
		};
/* End PBXContainerItemProxy section */

/* Begin PBXCopyFilesBuildPhase section */
		727EA03C272EE26300E603D6 /* Embed App Extensions */ = {
			isa = PBXCopyFilesBuildPhase;
			buildActionMask = 2147483647;
			dstPath = "";
			dstSubfolderSpec = 13;
			files = (
				727EA038272EE26300E603D6 /* ScareMePartyExtension.appex in Embed App Extensions */,
			);
			name = "Embed App Extensions";
			runOnlyForDeploymentPostprocessing = 0;
		};
/* End PBXCopyFilesBuildPhase section */

/* Begin PBXFileReference section */
		72449BA5272E688400689527 /* TrainTest1.app */ = {isa = PBXFileReference; explicitFileType = wrapper.application; includeInIndex = 0; path = TrainTest1.app; sourceTree = BUILT_PRODUCTS_DIR; };
		72449BA8272E688400689527 /* AppDelegate.swift */ = {isa = PBXFileReference; lastKnownFileType = sourcecode.swift; path = AppDelegate.swift; sourceTree = "<group>"; };
		72449BAA272E688400689527 /* SceneDelegate.swift */ = {isa = PBXFileReference; lastKnownFileType = sourcecode.swift; path = SceneDelegate.swift; sourceTree = "<group>"; };
		72449BAC272E688400689527 /* ViewController.swift */ = {isa = PBXFileReference; lastKnownFileType = sourcecode.swift; path = ViewController.swift; sourceTree = "<group>"; };
		72449BAF272E688400689527 /* Base */ = {isa = PBXFileReference; lastKnownFileType = file.storyboard; name = Base; path = Base.lproj/Main.storyboard; sourceTree = "<group>"; };
		72449BB1272E688400689527 /* Assets.xcassets */ = {isa = PBXFileReference; lastKnownFileType = folder.assetcatalog; path = Assets.xcassets; sourceTree = "<group>"; };
		72449BB4272E688400689527 /* Base */ = {isa = PBXFileReference; lastKnownFileType = file.storyboard; name = Base; path = Base.lproj/LaunchScreen.storyboard; sourceTree = "<group>"; };
		72449BB6272E688400689527 /* Info.plist */ = {isa = PBXFileReference; lastKnownFileType = text.plist.xml; path = Info.plist; sourceTree = "<group>"; };
		72449BBB272E688400689527 /* TrainTest1Tests.xctest */ = {isa = PBXFileReference; explicitFileType = wrapper.cfbundle; includeInIndex = 0; path = TrainTest1Tests.xctest; sourceTree = BUILT_PRODUCTS_DIR; };
		72449BBF272E688400689527 /* TrainTest1Tests.swift */ = {isa = PBXFileReference; lastKnownFileType = sourcecode.swift; path = TrainTest1Tests.swift; sourceTree = "<group>"; };
		72449BC5272E688400689527 /* TrainTest1UITests.xctest */ = {isa = PBXFileReference; explicitFileType = wrapper.cfbundle; includeInIndex = 0; path = TrainTest1UITests.xctest; sourceTree = BUILT_PRODUCTS_DIR; };
		72449BC9272E688400689527 /* TrainTest1UITests.swift */ = {isa = PBXFileReference; lastKnownFileType = sourcecode.swift; path = TrainTest1UITests.swift; sourceTree = "<group>"; };
		72449BCB272E688400689527 /* TrainTest1UITestsLaunchTests.swift */ = {isa = PBXFileReference; lastKnownFileType = sourcecode.swift; path = TrainTest1UITestsLaunchTests.swift; sourceTree = "<group>"; };
		727E9FFE272E7DE100E603D6 /* Common.swift */ = {isa = PBXFileReference; lastKnownFileType = sourcecode.swift; path = Common.swift; sourceTree = "<group>"; };
		727EA001272E7F2600E603D6 /* StartViewController.swift */ = {isa = PBXFileReference; lastKnownFileType = sourcecode.swift; path = StartViewController.swift; sourceTree = "<group>"; };
		727EA004272E7F4900E603D6 /* BaseViewController.swift */ = {isa = PBXFileReference; lastKnownFileType = sourcecode.swift; path = BaseViewController.swift; sourceTree = "<group>"; };
		727EA00B272E828D00E603D6 /* BalooPaaji2-Bold.ttf */ = {isa = PBXFileReference; lastKnownFileType = file; path = "BalooPaaji2-Bold.ttf"; sourceTree = "<group>"; };
		727EA00E272E831100E603D6 /* SignUpViewController.swift */ = {isa = PBXFileReference; lastKnownFileType = sourcecode.swift; path = SignUpViewController.swift; sourceTree = "<group>"; };
		727EA011272E86B800E603D6 /* Network.swift */ = {isa = PBXFileReference; lastKnownFileType = sourcecode.swift; path = Network.swift; sourceTree = "<group>"; };
		727EA014272E8BBB00E603D6 /* SignInViewController.swift */ = {isa = PBXFileReference; lastKnownFileType = sourcecode.swift; path = SignInViewController.swift; sourceTree = "<group>"; };
		727EA017272E8C6F00E603D6 /* AboutMeViewController.swift */ = {isa = PBXFileReference; lastKnownFileType = sourcecode.swift; path = AboutMeViewController.swift; sourceTree = "<group>"; };
		727EA01A272E9A2600E603D6 /* MainViewController.swift */ = {isa = PBXFileReference; lastKnownFileType = sourcecode.swift; path = MainViewController.swift; sourceTree = "<group>"; };
		727EA01D272EC5F300E603D6 /* ProfileViewController.swift */ = {isa = PBXFileReference; lastKnownFileType = sourcecode.swift; path = ProfileViewController.swift; sourceTree = "<group>"; };
		727EA020272ECD1800E603D6 /* ChatsViewController.swift */ = {isa = PBXFileReference; lastKnownFileType = sourcecode.swift; path = ChatsViewController.swift; sourceTree = "<group>"; };
		727EA022272EE1AD00E603D6 /* TrainTest1.entitlements */ = {isa = PBXFileReference; lastKnownFileType = text.plist.entitlements; path = TrainTest1.entitlements; sourceTree = "<group>"; };
		727EA027272EE26200E603D6 /* ScareMePartyExtension.appex */ = {isa = PBXFileReference; explicitFileType = "wrapper.app-extension"; includeInIndex = 0; path = ScareMePartyExtension.appex; sourceTree = BUILT_PRODUCTS_DIR; };
		727EA029272EE26200E603D6 /* WidgetKit.framework */ = {isa = PBXFileReference; lastKnownFileType = wrapper.framework; name = WidgetKit.framework; path = System/Library/Frameworks/WidgetKit.framework; sourceTree = SDKROOT; };
		727EA02B272EE26200E603D6 /* SwiftUI.framework */ = {isa = PBXFileReference; lastKnownFileType = wrapper.framework; name = SwiftUI.framework; path = System/Library/Frameworks/SwiftUI.framework; sourceTree = SDKROOT; };
		727EA02E272EE26200E603D6 /* ScareMeParty.swift */ = {isa = PBXFileReference; lastKnownFileType = sourcecode.swift; path = ScareMeParty.swift; sourceTree = "<group>"; };
		727EA030272EE26200E603D6 /* ScareMeParty.intentdefinition */ = {isa = PBXFileReference; lastKnownFileType = file.intentdefinition; path = ScareMeParty.intentdefinition; sourceTree = "<group>"; };
		727EA031272EE26300E603D6 /* Assets.xcassets */ = {isa = PBXFileReference; lastKnownFileType = folder.assetcatalog; path = Assets.xcassets; sourceTree = "<group>"; };
		727EA033272EE26300E603D6 /* Info.plist */ = {isa = PBXFileReference; lastKnownFileType = text.plist.xml; path = Info.plist; sourceTree = "<group>"; };
		727EA03D272EE26A00E603D6 /* ScareMePartyExtension.entitlements */ = {isa = PBXFileReference; lastKnownFileType = text.plist.entitlements; path = ScareMePartyExtension.entitlements; sourceTree = "<group>"; };
		727EA03E272EE5BC00E603D6 /* BalooPaaji2-Bold.ttf */ = {isa = PBXFileReference; lastKnownFileType = file; path = "BalooPaaji2-Bold.ttf"; sourceTree = "<group>"; };
/* End PBXFileReference section */

/* Begin PBXFrameworksBuildPhase section */
		72449BA2272E688400689527 /* Frameworks */ = {
			isa = PBXFrameworksBuildPhase;
			buildActionMask = 2147483647;
			files = (
				727E9FB4272E6AC100E603D6 /* Charts in Frameworks */,
				727E9FAE272E6A9F00E603D6 /* Alamofire in Frameworks */,
				727E9FB7272E6ADC00E603D6 /* TPKeyboardAvoiding in Frameworks */,
				727E9FBA272E6B0600E603D6 /* MBProgressHUD in Frameworks */,
				727E9FB1272E6AAE00E603D6 /* SnapKit in Frameworks */,
				727E9FA8272E6A4A00E603D6 /* Kingfisher in Frameworks */,
				727E9FAB272E6A9300E603D6 /* PromiseKit in Frameworks */,
			);
			runOnlyForDeploymentPostprocessing = 0;
		};
		72449BB8272E688400689527 /* Frameworks */ = {
			isa = PBXFrameworksBuildPhase;
			buildActionMask = 2147483647;
			files = (
			);
			runOnlyForDeploymentPostprocessing = 0;
		};
		72449BC2272E688400689527 /* Frameworks */ = {
			isa = PBXFrameworksBuildPhase;
			buildActionMask = 2147483647;
			files = (
			);
			runOnlyForDeploymentPostprocessing = 0;
		};
		727EA024272EE26200E603D6 /* Frameworks */ = {
			isa = PBXFrameworksBuildPhase;
			buildActionMask = 2147483647;
			files = (
				727EA02C272EE26200E603D6 /* SwiftUI.framework in Frameworks */,
				727EA02A272EE26200E603D6 /* WidgetKit.framework in Frameworks */,
			);
			runOnlyForDeploymentPostprocessing = 0;
		};
/* End PBXFrameworksBuildPhase section */

/* Begin PBXGroup section */
		72449B9C272E688400689527 = {
			isa = PBXGroup;
			children = (
				727EA03D272EE26A00E603D6 /* ScareMePartyExtension.entitlements */,
				72449BA7272E688400689527 /* TrainTest1 */,
				72449BBE272E688400689527 /* TrainTest1Tests */,
				72449BC8272E688400689527 /* TrainTest1UITests */,
				727EA02D272EE26200E603D6 /* ScareMeParty */,
				727EA028272EE26200E603D6 /* Frameworks */,
				72449BA6272E688400689527 /* Products */,
			);
			sourceTree = "<group>";
		};
		72449BA6272E688400689527 /* Products */ = {
			isa = PBXGroup;
			children = (
				72449BA5272E688400689527 /* TrainTest1.app */,
				72449BBB272E688400689527 /* TrainTest1Tests.xctest */,
				72449BC5272E688400689527 /* TrainTest1UITests.xctest */,
				727EA027272EE26200E603D6 /* ScareMePartyExtension.appex */,
			);
			name = Products;
			sourceTree = "<group>";
		};
		72449BA7272E688400689527 /* TrainTest1 */ = {
			isa = PBXGroup;
			children = (
				727EA022272EE1AD00E603D6 /* TrainTest1.entitlements */,
				727EA01F272ECD0A00E603D6 /* Chats */,
				727EA01C272EC5E300E603D6 /* Profile */,
				727EA019272E9A1C00E603D6 /* MainScreen */,
				727EA016272E8C6000E603D6 /* AboutMe */,
				727EA013272E8BA900E603D6 /* SignIn */,
				727EA010272E86A700E603D6 /* Services */,
				727EA00D272E830700E603D6 /* SignUp */,
				727EA006272E80AD00E603D6 /* Fonts */,
				727EA003272E7F2D00E603D6 /* App */,
				727EA000272E7F1900E603D6 /* StartScreen */,
				727E9FFD272E7DD200E603D6 /* Common */,
				72449BB6272E688400689527 /* Info.plist */,
			);
			path = TrainTest1;
			sourceTree = "<group>";
		};
		72449BBE272E688400689527 /* TrainTest1Tests */ = {
			isa = PBXGroup;
			children = (
				72449BBF272E688400689527 /* TrainTest1Tests.swift */,
			);
			path = TrainTest1Tests;
			sourceTree = "<group>";
		};
		72449BC8272E688400689527 /* TrainTest1UITests */ = {
			isa = PBXGroup;
			children = (
				72449BC9272E688400689527 /* TrainTest1UITests.swift */,
				72449BCB272E688400689527 /* TrainTest1UITestsLaunchTests.swift */,
			);
			path = TrainTest1UITests;
			sourceTree = "<group>";
		};
		727E9FFD272E7DD200E603D6 /* Common */ = {
			isa = PBXGroup;
			children = (
				727E9FFE272E7DE100E603D6 /* Common.swift */,
			);
			path = Common;
			sourceTree = "<group>";
		};
		727EA000272E7F1900E603D6 /* StartScreen */ = {
			isa = PBXGroup;
			children = (
				727EA001272E7F2600E603D6 /* StartViewController.swift */,
			);
			path = StartScreen;
			sourceTree = "<group>";
		};
		727EA003272E7F2D00E603D6 /* App */ = {
			isa = PBXGroup;
			children = (
				72449BA8272E688400689527 /* AppDelegate.swift */,
				72449BAA272E688400689527 /* SceneDelegate.swift */,
				72449BAC272E688400689527 /* ViewController.swift */,
				72449BAE272E688400689527 /* Main.storyboard */,
				72449BB1272E688400689527 /* Assets.xcassets */,
				72449BB3272E688400689527 /* LaunchScreen.storyboard */,
				727EA004272E7F4900E603D6 /* BaseViewController.swift */,
			);
			path = App;
			sourceTree = "<group>";
		};
		727EA006272E80AD00E603D6 /* Fonts */ = {
			isa = PBXGroup;
			children = (
				727EA00B272E828D00E603D6 /* BalooPaaji2-Bold.ttf */,
			);
			path = Fonts;
			sourceTree = "<group>";
		};
		727EA00D272E830700E603D6 /* SignUp */ = {
			isa = PBXGroup;
			children = (
				727EA00E272E831100E603D6 /* SignUpViewController.swift */,
			);
			path = SignUp;
			sourceTree = "<group>";
		};
		727EA010272E86A700E603D6 /* Services */ = {
			isa = PBXGroup;
			children = (
				727EA011272E86B800E603D6 /* Network.swift */,
			);
			path = Services;
			sourceTree = "<group>";
		};
		727EA013272E8BA900E603D6 /* SignIn */ = {
			isa = PBXGroup;
			children = (
				727EA014272E8BBB00E603D6 /* SignInViewController.swift */,
			);
			path = SignIn;
			sourceTree = "<group>";
		};
		727EA016272E8C6000E603D6 /* AboutMe */ = {
			isa = PBXGroup;
			children = (
				727EA017272E8C6F00E603D6 /* AboutMeViewController.swift */,
			);
			path = AboutMe;
			sourceTree = "<group>";
		};
		727EA019272E9A1C00E603D6 /* MainScreen */ = {
			isa = PBXGroup;
			children = (
				727EA01A272E9A2600E603D6 /* MainViewController.swift */,
			);
			path = MainScreen;
			sourceTree = "<group>";
		};
		727EA01C272EC5E300E603D6 /* Profile */ = {
			isa = PBXGroup;
			children = (
				727EA01D272EC5F300E603D6 /* ProfileViewController.swift */,
			);
			path = Profile;
			sourceTree = "<group>";
		};
		727EA01F272ECD0A00E603D6 /* Chats */ = {
			isa = PBXGroup;
			children = (
				727EA020272ECD1800E603D6 /* ChatsViewController.swift */,
			);
			path = Chats;
			sourceTree = "<group>";
		};
		727EA028272EE26200E603D6 /* Frameworks */ = {
			isa = PBXGroup;
			children = (
				727EA029272EE26200E603D6 /* WidgetKit.framework */,
				727EA02B272EE26200E603D6 /* SwiftUI.framework */,
			);
			name = Frameworks;
			sourceTree = "<group>";
		};
		727EA02D272EE26200E603D6 /* ScareMeParty */ = {
			isa = PBXGroup;
			children = (
				727EA03E272EE5BC00E603D6 /* BalooPaaji2-Bold.ttf */,
				727EA02E272EE26200E603D6 /* ScareMeParty.swift */,
				727EA030272EE26200E603D6 /* ScareMeParty.intentdefinition */,
				727EA031272EE26300E603D6 /* Assets.xcassets */,
				727EA033272EE26300E603D6 /* Info.plist */,
			);
			path = ScareMeParty;
			sourceTree = "<group>";
		};
/* End PBXGroup section */

/* Begin PBXNativeTarget section */
		72449BA4272E688400689527 /* TrainTest1 */ = {
			isa = PBXNativeTarget;
			buildConfigurationList = 72449BCF272E688400689527 /* Build configuration list for PBXNativeTarget "TrainTest1" */;
			buildPhases = (
				72449BA1272E688400689527 /* Sources */,
				72449BA2272E688400689527 /* Frameworks */,
				72449BA3272E688400689527 /* Resources */,
				727EA03C272EE26300E603D6 /* Embed App Extensions */,
			);
			buildRules = (
			);
			dependencies = (
				727EA037272EE26300E603D6 /* PBXTargetDependency */,
			);
			name = TrainTest1;
			packageProductDependencies = (
				727E9FA7272E6A4A00E603D6 /* Kingfisher */,
				727E9FAA272E6A9300E603D6 /* PromiseKit */,
				727E9FAD272E6A9F00E603D6 /* Alamofire */,
				727E9FB0272E6AAE00E603D6 /* SnapKit */,
				727E9FB3272E6AC100E603D6 /* Charts */,
				727E9FB6272E6ADC00E603D6 /* TPKeyboardAvoiding */,
				727E9FB9272E6B0600E603D6 /* MBProgressHUD */,
			);
			productName = TrainTest1;
			productReference = 72449BA5272E688400689527 /* TrainTest1.app */;
			productType = "com.apple.product-type.application";
		};
		72449BBA272E688400689527 /* TrainTest1Tests */ = {
			isa = PBXNativeTarget;
			buildConfigurationList = 72449BD2272E688400689527 /* Build configuration list for PBXNativeTarget "TrainTest1Tests" */;
			buildPhases = (
				72449BB7272E688400689527 /* Sources */,
				72449BB8272E688400689527 /* Frameworks */,
				72449BB9272E688400689527 /* Resources */,
			);
			buildRules = (
			);
			dependencies = (
				72449BBD272E688400689527 /* PBXTargetDependency */,
			);
			name = TrainTest1Tests;
			productName = TrainTest1Tests;
			productReference = 72449BBB272E688400689527 /* TrainTest1Tests.xctest */;
			productType = "com.apple.product-type.bundle.unit-test";
		};
		72449BC4272E688400689527 /* TrainTest1UITests */ = {
			isa = PBXNativeTarget;
			buildConfigurationList = 72449BD5272E688400689527 /* Build configuration list for PBXNativeTarget "TrainTest1UITests" */;
			buildPhases = (
				72449BC1272E688400689527 /* Sources */,
				72449BC2272E688400689527 /* Frameworks */,
				72449BC3272E688400689527 /* Resources */,
			);
			buildRules = (
			);
			dependencies = (
				72449BC7272E688400689527 /* PBXTargetDependency */,
			);
			name = TrainTest1UITests;
			productName = TrainTest1UITests;
			productReference = 72449BC5272E688400689527 /* TrainTest1UITests.xctest */;
			productType = "com.apple.product-type.bundle.ui-testing";
		};
		727EA026272EE26200E603D6 /* ScareMePartyExtension */ = {
			isa = PBXNativeTarget;
			buildConfigurationList = 727EA039272EE26300E603D6 /* Build configuration list for PBXNativeTarget "ScareMePartyExtension" */;
			buildPhases = (
				727EA023272EE26200E603D6 /* Sources */,
				727EA024272EE26200E603D6 /* Frameworks */,
				727EA025272EE26200E603D6 /* Resources */,
			);
			buildRules = (
			);
			dependencies = (
			);
			name = ScareMePartyExtension;
			productName = ScareMePartyExtension;
			productReference = 727EA027272EE26200E603D6 /* ScareMePartyExtension.appex */;
			productType = "com.apple.product-type.app-extension";
		};
/* End PBXNativeTarget section */

/* Begin PBXProject section */
		72449B9D272E688400689527 /* Project object */ = {
			isa = PBXProject;
			attributes = {
				BuildIndependentTargetsInParallel = 1;
				LastSwiftUpdateCheck = 1300;
				LastUpgradeCheck = 1300;
				TargetAttributes = {
					72449BA4272E688400689527 = {
						CreatedOnToolsVersion = 13.0;
					};
					72449BBA272E688400689527 = {
						CreatedOnToolsVersion = 13.0;
						TestTargetID = 72449BA4272E688400689527;
					};
					72449BC4272E688400689527 = {
						CreatedOnToolsVersion = 13.0;
						TestTargetID = 72449BA4272E688400689527;
					};
					727EA026272EE26200E603D6 = {
						CreatedOnToolsVersion = 13.0;
					};
				};
			};
			buildConfigurationList = 72449BA0272E688400689527 /* Build configuration list for PBXProject "TrainTest1" */;
			compatibilityVersion = "Xcode 13.0";
			developmentRegion = en;
			hasScannedForEncodings = 0;
			knownRegions = (
				en,
				Base,
			);
			mainGroup = 72449B9C272E688400689527;
			packageReferences = (
				727E9FA6272E6A4A00E603D6 /* XCRemoteSwiftPackageReference "Kingfisher" */,
				727E9FA9272E6A9300E603D6 /* XCRemoteSwiftPackageReference "PromiseKit" */,
				727E9FAC272E6A9F00E603D6 /* XCRemoteSwiftPackageReference "Alamofire" */,
				727E9FAF272E6AAE00E603D6 /* XCRemoteSwiftPackageReference "SnapKit" */,
				727E9FB2272E6AC100E603D6 /* XCRemoteSwiftPackageReference "Charts" */,
				727E9FB5272E6ADC00E603D6 /* XCRemoteSwiftPackageReference "TPKeyboardAvoiding" */,
				727E9FB8272E6B0600E603D6 /* XCRemoteSwiftPackageReference "MBProgressHUD" */,
			);
			productRefGroup = 72449BA6272E688400689527 /* Products */;
			projectDirPath = "";
			projectRoot = "";
			targets = (
				72449BA4272E688400689527 /* TrainTest1 */,
				72449BBA272E688400689527 /* TrainTest1Tests */,
				72449BC4272E688400689527 /* TrainTest1UITests */,
				727EA026272EE26200E603D6 /* ScareMePartyExtension */,
			);
		};
/* End PBXProject section */

/* Begin PBXResourcesBuildPhase section */
		72449BA3272E688400689527 /* Resources */ = {
			isa = PBXResourcesBuildPhase;
			buildActionMask = 2147483647;
			files = (
				72449BB5272E688400689527 /* LaunchScreen.storyboard in Resources */,
				72449BB2272E688400689527 /* Assets.xcassets in Resources */,
				727EA00C272E828D00E603D6 /* BalooPaaji2-Bold.ttf in Resources */,
				72449BB0272E688400689527 /* Main.storyboard in Resources */,
			);
			runOnlyForDeploymentPostprocessing = 0;
		};
		72449BB9272E688400689527 /* Resources */ = {
			isa = PBXResourcesBuildPhase;
			buildActionMask = 2147483647;
			files = (
			);
			runOnlyForDeploymentPostprocessing = 0;
		};
		72449BC3272E688400689527 /* Resources */ = {
			isa = PBXResourcesBuildPhase;
			buildActionMask = 2147483647;
			files = (
			);
			runOnlyForDeploymentPostprocessing = 0;
		};
		727EA025272EE26200E603D6 /* Resources */ = {
			isa = PBXResourcesBuildPhase;
			buildActionMask = 2147483647;
			files = (
				727EA03F272EE5BC00E603D6 /* BalooPaaji2-Bold.ttf in Resources */,
				727EA032272EE26300E603D6 /* Assets.xcassets in Resources */,
			);
			runOnlyForDeploymentPostprocessing = 0;
		};
/* End PBXResourcesBuildPhase section */

/* Begin PBXSourcesBuildPhase section */
		72449BA1272E688400689527 /* Sources */ = {
			isa = PBXSourcesBuildPhase;
			buildActionMask = 2147483647;
			files = (
				727EA035272EE26300E603D6 /* ScareMeParty.intentdefinition in Sources */,
				727EA002272E7F2600E603D6 /* StartViewController.swift in Sources */,
				727EA01B272E9A2600E603D6 /* MainViewController.swift in Sources */,
				727EA00F272E831100E603D6 /* SignUpViewController.swift in Sources */,
				727EA012272E86B800E603D6 /* Network.swift in Sources */,
				727EA021272ECD1800E603D6 /* ChatsViewController.swift in Sources */,
				727E9FFF272E7DE100E603D6 /* Common.swift in Sources */,
				72449BAD272E688400689527 /* ViewController.swift in Sources */,
				727EA01E272EC5F300E603D6 /* ProfileViewController.swift in Sources */,
				727EA015272E8BBB00E603D6 /* SignInViewController.swift in Sources */,
				727EA018272E8C6F00E603D6 /* AboutMeViewController.swift in Sources */,
				72449BA9272E688400689527 /* AppDelegate.swift in Sources */,
				72449BAB272E688400689527 /* SceneDelegate.swift in Sources */,
				727EA005272E7F4900E603D6 /* BaseViewController.swift in Sources */,
			);
			runOnlyForDeploymentPostprocessing = 0;
		};
		72449BB7272E688400689527 /* Sources */ = {
			isa = PBXSourcesBuildPhase;
			buildActionMask = 2147483647;
			files = (
				72449BC0272E688400689527 /* TrainTest1Tests.swift in Sources */,
			);
			runOnlyForDeploymentPostprocessing = 0;
		};
		72449BC1272E688400689527 /* Sources */ = {
			isa = PBXSourcesBuildPhase;
			buildActionMask = 2147483647;
			files = (
				72449BCA272E688400689527 /* TrainTest1UITests.swift in Sources */,
				72449BCC272E688400689527 /* TrainTest1UITestsLaunchTests.swift in Sources */,
			);
			runOnlyForDeploymentPostprocessing = 0;
		};
		727EA023272EE26200E603D6 /* Sources */ = {
			isa = PBXSourcesBuildPhase;
			buildActionMask = 2147483647;
			files = (
				727EA034272EE26300E603D6 /* ScareMeParty.intentdefinition in Sources */,
				727EA02F272EE26200E603D6 /* ScareMeParty.swift in Sources */,
			);
			runOnlyForDeploymentPostprocessing = 0;
		};
/* End PBXSourcesBuildPhase section */

/* Begin PBXTargetDependency section */
		72449BBD272E688400689527 /* PBXTargetDependency */ = {
			isa = PBXTargetDependency;
			target = 72449BA4272E688400689527 /* TrainTest1 */;
			targetProxy = 72449BBC272E688400689527 /* PBXContainerItemProxy */;
		};
		72449BC7272E688400689527 /* PBXTargetDependency */ = {
			isa = PBXTargetDependency;
			target = 72449BA4272E688400689527 /* TrainTest1 */;
			targetProxy = 72449BC6272E688400689527 /* PBXContainerItemProxy */;
		};
		727EA037272EE26300E603D6 /* PBXTargetDependency */ = {
			isa = PBXTargetDependency;
			target = 727EA026272EE26200E603D6 /* ScareMePartyExtension */;
			targetProxy = 727EA036272EE26300E603D6 /* PBXContainerItemProxy */;
		};
/* End PBXTargetDependency section */

/* Begin PBXVariantGroup section */
		72449BAE272E688400689527 /* Main.storyboard */ = {
			isa = PBXVariantGroup;
			children = (
				72449BAF272E688400689527 /* Base */,
			);
			name = Main.storyboard;
			sourceTree = "<group>";
		};
		72449BB3272E688400689527 /* LaunchScreen.storyboard */ = {
			isa = PBXVariantGroup;
			children = (
				72449BB4272E688400689527 /* Base */,
			);
			name = LaunchScreen.storyboard;
			sourceTree = "<group>";
		};
/* End PBXVariantGroup section */

/* Begin XCBuildConfiguration section */
		72449BCD272E688400689527 /* Debug */ = {
			isa = XCBuildConfiguration;
			buildSettings = {
				ALWAYS_SEARCH_USER_PATHS = NO;
				CLANG_ANALYZER_NONNULL = YES;
				CLANG_ANALYZER_NUMBER_OBJECT_CONVERSION = YES_AGGRESSIVE;
				CLANG_CXX_LANGUAGE_STANDARD = "gnu++17";
				CLANG_CXX_LIBRARY = "libc++";
				CLANG_ENABLE_MODULES = YES;
				CLANG_ENABLE_OBJC_ARC = YES;
				CLANG_ENABLE_OBJC_WEAK = YES;
				CLANG_WARN_BLOCK_CAPTURE_AUTORELEASING = YES;
				CLANG_WARN_BOOL_CONVERSION = YES;
				CLANG_WARN_COMMA = YES;
				CLANG_WARN_CONSTANT_CONVERSION = YES;
				CLANG_WARN_DEPRECATED_OBJC_IMPLEMENTATIONS = YES;
				CLANG_WARN_DIRECT_OBJC_ISA_USAGE = YES_ERROR;
				CLANG_WARN_DOCUMENTATION_COMMENTS = YES;
				CLANG_WARN_EMPTY_BODY = YES;
				CLANG_WARN_ENUM_CONVERSION = YES;
				CLANG_WARN_INFINITE_RECURSION = YES;
				CLANG_WARN_INT_CONVERSION = YES;
				CLANG_WARN_NON_LITERAL_NULL_CONVERSION = YES;
				CLANG_WARN_OBJC_IMPLICIT_RETAIN_SELF = YES;
				CLANG_WARN_OBJC_LITERAL_CONVERSION = YES;
				CLANG_WARN_OBJC_ROOT_CLASS = YES_ERROR;
				CLANG_WARN_QUOTED_INCLUDE_IN_FRAMEWORK_HEADER = YES;
				CLANG_WARN_RANGE_LOOP_ANALYSIS = YES;
				CLANG_WARN_STRICT_PROTOTYPES = YES;
				CLANG_WARN_SUSPICIOUS_MOVE = YES;
				CLANG_WARN_UNGUARDED_AVAILABILITY = YES_AGGRESSIVE;
				CLANG_WARN_UNREACHABLE_CODE = YES;
				CLANG_WARN__DUPLICATE_METHOD_MATCH = YES;
				COPY_PHASE_STRIP = NO;
				DEBUG_INFORMATION_FORMAT = dwarf;
				ENABLE_STRICT_OBJC_MSGSEND = YES;
				ENABLE_TESTABILITY = YES;
				GCC_C_LANGUAGE_STANDARD = gnu11;
				GCC_DYNAMIC_NO_PIC = NO;
				GCC_NO_COMMON_BLOCKS = YES;
				GCC_OPTIMIZATION_LEVEL = 0;
				GCC_PREPROCESSOR_DEFINITIONS = (
					"DEBUG=1",
					"$(inherited)",
				);
				GCC_WARN_64_TO_32_BIT_CONVERSION = YES;
				GCC_WARN_ABOUT_RETURN_TYPE = YES_ERROR;
				GCC_WARN_UNDECLARED_SELECTOR = YES;
				GCC_WARN_UNINITIALIZED_AUTOS = YES_AGGRESSIVE;
				GCC_WARN_UNUSED_FUNCTION = YES;
				GCC_WARN_UNUSED_VARIABLE = YES;
				IPHONEOS_DEPLOYMENT_TARGET = 14.0;
				MTL_ENABLE_DEBUG_INFO = INCLUDE_SOURCE;
				MTL_FAST_MATH = YES;
				ONLY_ACTIVE_ARCH = YES;
				SDKROOT = iphoneos;
				SWIFT_ACTIVE_COMPILATION_CONDITIONS = DEBUG;
				SWIFT_OPTIMIZATION_LEVEL = "-Onone";
			};
			name = Debug;
		};
		72449BCE272E688400689527 /* Release */ = {
			isa = XCBuildConfiguration;
			buildSettings = {
				ALWAYS_SEARCH_USER_PATHS = NO;
				CLANG_ANALYZER_NONNULL = YES;
				CLANG_ANALYZER_NUMBER_OBJECT_CONVERSION = YES_AGGRESSIVE;
				CLANG_CXX_LANGUAGE_STANDARD = "gnu++17";
				CLANG_CXX_LIBRARY = "libc++";
				CLANG_ENABLE_MODULES = YES;
				CLANG_ENABLE_OBJC_ARC = YES;
				CLANG_ENABLE_OBJC_WEAK = YES;
				CLANG_WARN_BLOCK_CAPTURE_AUTORELEASING = YES;
				CLANG_WARN_BOOL_CONVERSION = YES;
				CLANG_WARN_COMMA = YES;
				CLANG_WARN_CONSTANT_CONVERSION = YES;
				CLANG_WARN_DEPRECATED_OBJC_IMPLEMENTATIONS = YES;
				CLANG_WARN_DIRECT_OBJC_ISA_USAGE = YES_ERROR;
				CLANG_WARN_DOCUMENTATION_COMMENTS = YES;
				CLANG_WARN_EMPTY_BODY = YES;
				CLANG_WARN_ENUM_CONVERSION = YES;
				CLANG_WARN_INFINITE_RECURSION = YES;
				CLANG_WARN_INT_CONVERSION = YES;
				CLANG_WARN_NON_LITERAL_NULL_CONVERSION = YES;
				CLANG_WARN_OBJC_IMPLICIT_RETAIN_SELF = YES;
				CLANG_WARN_OBJC_LITERAL_CONVERSION = YES;
				CLANG_WARN_OBJC_ROOT_CLASS = YES_ERROR;
				CLANG_WARN_QUOTED_INCLUDE_IN_FRAMEWORK_HEADER = YES;
				CLANG_WARN_RANGE_LOOP_ANALYSIS = YES;
				CLANG_WARN_STRICT_PROTOTYPES = YES;
				CLANG_WARN_SUSPICIOUS_MOVE = YES;
				CLANG_WARN_UNGUARDED_AVAILABILITY = YES_AGGRESSIVE;
				CLANG_WARN_UNREACHABLE_CODE = YES;
				CLANG_WARN__DUPLICATE_METHOD_MATCH = YES;
				COPY_PHASE_STRIP = NO;
				DEBUG_INFORMATION_FORMAT = "dwarf-with-dsym";
				ENABLE_NS_ASSERTIONS = NO;
				ENABLE_STRICT_OBJC_MSGSEND = YES;
				GCC_C_LANGUAGE_STANDARD = gnu11;
				GCC_NO_COMMON_BLOCKS = YES;
				GCC_WARN_64_TO_32_BIT_CONVERSION = YES;
				GCC_WARN_ABOUT_RETURN_TYPE = YES_ERROR;
				GCC_WARN_UNDECLARED_SELECTOR = YES;
				GCC_WARN_UNINITIALIZED_AUTOS = YES_AGGRESSIVE;
				GCC_WARN_UNUSED_FUNCTION = YES;
				GCC_WARN_UNUSED_VARIABLE = YES;
				IPHONEOS_DEPLOYMENT_TARGET = 14.0;
				MTL_ENABLE_DEBUG_INFO = NO;
				MTL_FAST_MATH = YES;
				SDKROOT = iphoneos;
				SWIFT_COMPILATION_MODE = wholemodule;
				SWIFT_OPTIMIZATION_LEVEL = "-O";
				VALIDATE_PRODUCT = YES;
			};
			name = Release;
		};
		72449BD0272E688400689527 /* Debug */ = {
			isa = XCBuildConfiguration;
			buildSettings = {
				ALWAYS_EMBED_SWIFT_STANDARD_LIBRARIES = YES;
				ASSETCATALOG_COMPILER_APPICON_NAME = AppIcon;
				ASSETCATALOG_COMPILER_GLOBAL_ACCENT_COLOR_NAME = AccentColor;
				CODE_SIGN_ENTITLEMENTS = TrainTest1/TrainTest1.entitlements;
				CODE_SIGN_STYLE = Automatic;
				CURRENT_PROJECT_VERSION = 1;
				DEVELOPMENT_TEAM = T5T228SHK5;
				GENERATE_INFOPLIST_FILE = YES;
				INFOPLIST_FILE = TrainTest1/Info.plist;
				INFOPLIST_KEY_CFBundleDisplayName = ScareMe;
				INFOPLIST_KEY_NSAppleMusicUsageDescription = "Take photos";
				INFOPLIST_KEY_NSCalendarsUsageDescription = "Take photos";
				INFOPLIST_KEY_NSPhotoLibraryUsageDescription = "Take photos";
				INFOPLIST_KEY_UIApplicationSupportsIndirectInputEvents = YES;
				INFOPLIST_KEY_UILaunchStoryboardName = LaunchScreen;
				INFOPLIST_KEY_UIMainStoryboardFile = Main;
				INFOPLIST_KEY_UISupportedInterfaceOrientations_iPad = "UIInterfaceOrientationPortrait UIInterfaceOrientationPortraitUpsideDown UIInterfaceOrientationLandscapeLeft UIInterfaceOrientationLandscapeRight";
				INFOPLIST_KEY_UISupportedInterfaceOrientations_iPhone = "UIInterfaceOrientationPortrait UIInterfaceOrientationLandscapeLeft UIInterfaceOrientationLandscapeRight";
				LD_RUNPATH_SEARCH_PATHS = (
					"$(inherited)",
					"@executable_path/Frameworks",
				);
				MARKETING_VERSION = 1.0;
				PRODUCT_BUNDLE_IDENTIFIER = com.tsustudy.TrainTest1;
				PRODUCT_NAME = "$(TARGET_NAME)";
				SWIFT_EMIT_LOC_STRINGS = YES;
				SWIFT_VERSION = 5.0;
				TARGETED_DEVICE_FAMILY = "1,2";
			};
			name = Debug;
		};
		72449BD1272E688400689527 /* Release */ = {
			isa = XCBuildConfiguration;
			buildSettings = {
				ALWAYS_EMBED_SWIFT_STANDARD_LIBRARIES = YES;
				ASSETCATALOG_COMPILER_APPICON_NAME = AppIcon;
				ASSETCATALOG_COMPILER_GLOBAL_ACCENT_COLOR_NAME = AccentColor;
				CODE_SIGN_ENTITLEMENTS = TrainTest1/TrainTest1.entitlements;
				CODE_SIGN_STYLE = Automatic;
				CURRENT_PROJECT_VERSION = 1;
				DEVELOPMENT_TEAM = T5T228SHK5;
				GENERATE_INFOPLIST_FILE = YES;
				INFOPLIST_FILE = TrainTest1/Info.plist;
				INFOPLIST_KEY_CFBundleDisplayName = ScareMe;
				INFOPLIST_KEY_NSAppleMusicUsageDescription = "Take photos";
				INFOPLIST_KEY_NSCalendarsUsageDescription = "Take photos";
				INFOPLIST_KEY_NSPhotoLibraryUsageDescription = "Take photos";
				INFOPLIST_KEY_UIApplicationSupportsIndirectInputEvents = YES;
				INFOPLIST_KEY_UILaunchStoryboardName = LaunchScreen;
				INFOPLIST_KEY_UIMainStoryboardFile = Main;
				INFOPLIST_KEY_UISupportedInterfaceOrientations_iPad = "UIInterfaceOrientationPortrait UIInterfaceOrientationPortraitUpsideDown UIInterfaceOrientationLandscapeLeft UIInterfaceOrientationLandscapeRight";
				INFOPLIST_KEY_UISupportedInterfaceOrientations_iPhone = "UIInterfaceOrientationPortrait UIInterfaceOrientationLandscapeLeft UIInterfaceOrientationLandscapeRight";
				LD_RUNPATH_SEARCH_PATHS = (
					"$(inherited)",
					"@executable_path/Frameworks",
				);
				MARKETING_VERSION = 1.0;
				PRODUCT_BUNDLE_IDENTIFIER = com.tsustudy.TrainTest1;
				PRODUCT_NAME = "$(TARGET_NAME)";
				SWIFT_EMIT_LOC_STRINGS = YES;
				SWIFT_VERSION = 5.0;
				TARGETED_DEVICE_FAMILY = "1,2";
			};
			name = Release;
		};
		72449BD3272E688400689527 /* Debug */ = {
			isa = XCBuildConfiguration;
			buildSettings = {
				ALWAYS_EMBED_SWIFT_STANDARD_LIBRARIES = YES;
				BUNDLE_LOADER = "$(TEST_HOST)";
				CODE_SIGN_STYLE = Automatic;
				CURRENT_PROJECT_VERSION = 1;
				DEVELOPMENT_TEAM = T5T228SHK5;
				GENERATE_INFOPLIST_FILE = YES;
				IPHONEOS_DEPLOYMENT_TARGET = 15.0;
				LD_RUNPATH_SEARCH_PATHS = (
					"$(inherited)",
					"@executable_path/Frameworks",
					"@loader_path/Frameworks",
				);
				MARKETING_VERSION = 1.0;
				PRODUCT_BUNDLE_IDENTIFIER = com.tsustudy.TrainTest1Tests;
				PRODUCT_NAME = "$(TARGET_NAME)";
				SWIFT_EMIT_LOC_STRINGS = NO;
				SWIFT_VERSION = 5.0;
				TARGETED_DEVICE_FAMILY = "1,2";
				TEST_HOST = "$(BUILT_PRODUCTS_DIR)/TrainTest1.app/TrainTest1";
			};
			name = Debug;
		};
		72449BD4272E688400689527 /* Release */ = {
			isa = XCBuildConfiguration;
			buildSettings = {
				ALWAYS_EMBED_SWIFT_STANDARD_LIBRARIES = YES;
				BUNDLE_LOADER = "$(TEST_HOST)";
				CODE_SIGN_STYLE = Automatic;
				CURRENT_PROJECT_VERSION = 1;
				DEVELOPMENT_TEAM = T5T228SHK5;
				GENERATE_INFOPLIST_FILE = YES;
				IPHONEOS_DEPLOYMENT_TARGET = 15.0;
				LD_RUNPATH_SEARCH_PATHS = (
					"$(inherited)",
					"@executable_path/Frameworks",
					"@loader_path/Frameworks",
				);
				MARKETING_VERSION = 1.0;
				PRODUCT_BUNDLE_IDENTIFIER = com.tsustudy.TrainTest1Tests;
				PRODUCT_NAME = "$(TARGET_NAME)";
				SWIFT_EMIT_LOC_STRINGS = NO;
				SWIFT_VERSION = 5.0;
				TARGETED_DEVICE_FAMILY = "1,2";
				TEST_HOST = "$(BUILT_PRODUCTS_DIR)/TrainTest1.app/TrainTest1";
			};
			name = Release;
		};
		72449BD6272E688400689527 /* Debug */ = {
			isa = XCBuildConfiguration;
			buildSettings = {
				ALWAYS_EMBED_SWIFT_STANDARD_LIBRARIES = YES;
				CODE_SIGN_STYLE = Automatic;
				CURRENT_PROJECT_VERSION = 1;
				DEVELOPMENT_TEAM = T5T228SHK5;
				GENERATE_INFOPLIST_FILE = YES;
				LD_RUNPATH_SEARCH_PATHS = (
					"$(inherited)",
					"@executable_path/Frameworks",
					"@loader_path/Frameworks",
				);
				MARKETING_VERSION = 1.0;
				PRODUCT_BUNDLE_IDENTIFIER = com.tsustudy.TrainTest1UITests;
				PRODUCT_NAME = "$(TARGET_NAME)";
				SWIFT_EMIT_LOC_STRINGS = NO;
				SWIFT_VERSION = 5.0;
				TARGETED_DEVICE_FAMILY = "1,2";
				TEST_TARGET_NAME = TrainTest1;
			};
			name = Debug;
		};
		72449BD7272E688400689527 /* Release */ = {
			isa = XCBuildConfiguration;
			buildSettings = {
				ALWAYS_EMBED_SWIFT_STANDARD_LIBRARIES = YES;
				CODE_SIGN_STYLE = Automatic;
				CURRENT_PROJECT_VERSION = 1;
				DEVELOPMENT_TEAM = T5T228SHK5;
				GENERATE_INFOPLIST_FILE = YES;
				LD_RUNPATH_SEARCH_PATHS = (
					"$(inherited)",
					"@executable_path/Frameworks",
					"@loader_path/Frameworks",
				);
				MARKETING_VERSION = 1.0;
				PRODUCT_BUNDLE_IDENTIFIER = com.tsustudy.TrainTest1UITests;
				PRODUCT_NAME = "$(TARGET_NAME)";
				SWIFT_EMIT_LOC_STRINGS = NO;
				SWIFT_VERSION = 5.0;
				TARGETED_DEVICE_FAMILY = "1,2";
				TEST_TARGET_NAME = TrainTest1;
			};
			name = Release;
		};
		727EA03A272EE26300E603D6 /* Debug */ = {
			isa = XCBuildConfiguration;
			buildSettings = {
				ASSETCATALOG_COMPILER_GLOBAL_ACCENT_COLOR_NAME = AccentColor;
				ASSETCATALOG_COMPILER_WIDGET_BACKGROUND_COLOR_NAME = WidgetBackground;
				CODE_SIGN_ENTITLEMENTS = ScareMePartyExtension.entitlements;
				CODE_SIGN_STYLE = Automatic;
				CURRENT_PROJECT_VERSION = 1;
				DEVELOPMENT_TEAM = T5T228SHK5;
				GENERATE_INFOPLIST_FILE = YES;
				INFOPLIST_FILE = ScareMeParty/Info.plist;
				INFOPLIST_KEY_CFBundleDisplayName = ScareMeParty;
				INFOPLIST_KEY_NSHumanReadableCopyright = "";
				IPHONEOS_DEPLOYMENT_TARGET = 15.0;
				LD_RUNPATH_SEARCH_PATHS = (
					"$(inherited)",
					"@executable_path/Frameworks",
					"@executable_path/../../Frameworks",
				);
				MARKETING_VERSION = 1.0;
				PRODUCT_BUNDLE_IDENTIFIER = com.tsustudy.TrainTest1.ScareMeParty;
				PRODUCT_NAME = "$(TARGET_NAME)";
				SKIP_INSTALL = YES;
				SWIFT_EMIT_LOC_STRINGS = YES;
				SWIFT_VERSION = 5.0;
				TARGETED_DEVICE_FAMILY = "1,2";
			};
			name = Debug;
		};
		727EA03B272EE26300E603D6 /* Release */ = {
			isa = XCBuildConfiguration;
			buildSettings = {
				ASSETCATALOG_COMPILER_GLOBAL_ACCENT_COLOR_NAME = AccentColor;
				ASSETCATALOG_COMPILER_WIDGET_BACKGROUND_COLOR_NAME = WidgetBackground;
				CODE_SIGN_ENTITLEMENTS = ScareMePartyExtension.entitlements;
				CODE_SIGN_STYLE = Automatic;
				CURRENT_PROJECT_VERSION = 1;
				DEVELOPMENT_TEAM = T5T228SHK5;
				GENERATE_INFOPLIST_FILE = YES;
				INFOPLIST_FILE = ScareMeParty/Info.plist;
				INFOPLIST_KEY_CFBundleDisplayName = ScareMeParty;
				INFOPLIST_KEY_NSHumanReadableCopyright = "";
				IPHONEOS_DEPLOYMENT_TARGET = 15.0;
				LD_RUNPATH_SEARCH_PATHS = (
					"$(inherited)",
					"@executable_path/Frameworks",
					"@executable_path/../../Frameworks",
				);
				MARKETING_VERSION = 1.0;
				PRODUCT_BUNDLE_IDENTIFIER = com.tsustudy.TrainTest1.ScareMeParty;
				PRODUCT_NAME = "$(TARGET_NAME)";
				SKIP_INSTALL = YES;
				SWIFT_EMIT_LOC_STRINGS = YES;
				SWIFT_VERSION = 5.0;
				TARGETED_DEVICE_FAMILY = "1,2";
			};
			name = Release;
		};
/* End XCBuildConfiguration section */

/* Begin XCConfigurationList section */
		72449BA0272E688400689527 /* Build configuration list for PBXProject "TrainTest1" */ = {
			isa = XCConfigurationList;
			buildConfigurations = (
				72449BCD272E688400689527 /* Debug */,
				72449BCE272E688400689527 /* Release */,
			);
			defaultConfigurationIsVisible = 0;
			defaultConfigurationName = Release;
		};
		72449BCF272E688400689527 /* Build configuration list for PBXNativeTarget "TrainTest1" */ = {
			isa = XCConfigurationList;
			buildConfigurations = (
				72449BD0272E688400689527 /* Debug */,
				72449BD1272E688400689527 /* Release */,
			);
			defaultConfigurationIsVisible = 0;
			defaultConfigurationName = Release;
		};
		72449BD2272E688400689527 /* Build configuration list for PBXNativeTarget "TrainTest1Tests" */ = {
			isa = XCConfigurationList;
			buildConfigurations = (
				72449BD3272E688400689527 /* Debug */,
				72449BD4272E688400689527 /* Release */,
			);
			defaultConfigurationIsVisible = 0;
			defaultConfigurationName = Release;
		};
		72449BD5272E688400689527 /* Build configuration list for PBXNativeTarget "TrainTest1UITests" */ = {
			isa = XCConfigurationList;
			buildConfigurations = (
				72449BD6272E688400689527 /* Debug */,
				72449BD7272E688400689527 /* Release */,
			);
			defaultConfigurationIsVisible = 0;
			defaultConfigurationName = Release;
		};
		727EA039272EE26300E603D6 /* Build configuration list for PBXNativeTarget "ScareMePartyExtension" */ = {
			isa = XCConfigurationList;
			buildConfigurations = (
				727EA03A272EE26300E603D6 /* Debug */,
				727EA03B272EE26300E603D6 /* Release */,
			);
			defaultConfigurationIsVisible = 0;
			defaultConfigurationName = Release;
		};
/* End XCConfigurationList section */

/* Begin XCRemoteSwiftPackageReference section */
		727E9FA6272E6A4A00E603D6 /* XCRemoteSwiftPackageReference "Kingfisher" */ = {
			isa = XCRemoteSwiftPackageReference;
			repositoryURL = "https://github.com/onevcat/Kingfisher";
			requirement = {
				kind = upToNextMajorVersion;
				minimumVersion = 7.0.0;
			};
		};
		727E9FA9272E6A9300E603D6 /* XCRemoteSwiftPackageReference "PromiseKit" */ = {
			isa = XCRemoteSwiftPackageReference;
			repositoryURL = "https://github.com/mxcl/PromiseKit";
			requirement = {
				branch = v6;
				kind = branch;
			};
		};
		727E9FAC272E6A9F00E603D6 /* XCRemoteSwiftPackageReference "Alamofire" */ = {
			isa = XCRemoteSwiftPackageReference;
			repositoryURL = "https://github.com/Alamofire/Alamofire";
			requirement = {
				kind = upToNextMajorVersion;
				minimumVersion = 5.0.0;
			};
		};
		727E9FAF272E6AAE00E603D6 /* XCRemoteSwiftPackageReference "SnapKit" */ = {
			isa = XCRemoteSwiftPackageReference;
			repositoryURL = "https://github.com/SnapKit/SnapKit";
			requirement = {
				kind = upToNextMajorVersion;
				minimumVersion = 5.0.0;
			};
		};
		727E9FB2272E6AC100E603D6 /* XCRemoteSwiftPackageReference "Charts" */ = {
			isa = XCRemoteSwiftPackageReference;
			repositoryURL = "https://github.com/danielgindi/Charts";
			requirement = {
				kind = upToNextMajorVersion;
				minimumVersion = 4.0.0;
			};
		};
		727E9FB5272E6ADC00E603D6 /* XCRemoteSwiftPackageReference "TPKeyboardAvoiding" */ = {
			isa = XCRemoteSwiftPackageReference;
			repositoryURL = "https://github.com/michaeltyson/TPKeyboardAvoiding";
			requirement = {
				kind = upToNextMajorVersion;
				minimumVersion = 1.0.0;
			};
		};
		727E9FB8272E6B0600E603D6 /* XCRemoteSwiftPackageReference "MBProgressHUD" */ = {
			isa = XCRemoteSwiftPackageReference;
			repositoryURL = "https://github.com/jdg/MBProgressHUD";
			requirement = {
				kind = upToNextMajorVersion;
				minimumVersion = 1.0.0;
			};
		};
/* End XCRemoteSwiftPackageReference section */

/* Begin XCSwiftPackageProductDependency section */
		727E9FA7272E6A4A00E603D6 /* Kingfisher */ = {
			isa = XCSwiftPackageProductDependency;
			package = 727E9FA6272E6A4A00E603D6 /* XCRemoteSwiftPackageReference "Kingfisher" */;
			productName = Kingfisher;
		};
		727E9FAA272E6A9300E603D6 /* PromiseKit */ = {
			isa = XCSwiftPackageProductDependency;
			package = 727E9FA9272E6A9300E603D6 /* XCRemoteSwiftPackageReference "PromiseKit" */;
			productName = PromiseKit;
		};
		727E9FAD272E6A9F00E603D6 /* Alamofire */ = {
			isa = XCSwiftPackageProductDependency;
			package = 727E9FAC272E6A9F00E603D6 /* XCRemoteSwiftPackageReference "Alamofire" */;
			productName = Alamofire;
		};
		727E9FB0272E6AAE00E603D6 /* SnapKit */ = {
			isa = XCSwiftPackageProductDependency;
			package = 727E9FAF272E6AAE00E603D6 /* XCRemoteSwiftPackageReference "SnapKit" */;
			productName = SnapKit;
		};
		727E9FB3272E6AC100E603D6 /* Charts */ = {
			isa = XCSwiftPackageProductDependency;
			package = 727E9FB2272E6AC100E603D6 /* XCRemoteSwiftPackageReference "Charts" */;
			productName = Charts;
		};
		727E9FB6272E6ADC00E603D6 /* TPKeyboardAvoiding */ = {
			isa = XCSwiftPackageProductDependency;
			package = 727E9FB5272E6ADC00E603D6 /* XCRemoteSwiftPackageReference "TPKeyboardAvoiding" */;
			productName = TPKeyboardAvoiding;
		};
		727E9FB9272E6B0600E603D6 /* MBProgressHUD */ = {
			isa = XCSwiftPackageProductDependency;
			package = 727E9FB8272E6B0600E603D6 /* XCRemoteSwiftPackageReference "MBProgressHUD" */;
			productName = MBProgressHUD;
		};
/* End XCSwiftPackageProductDependency section */
	};
	rootObject = 72449B9D272E688400689527 /* Project object */;
}
